{
  "name": "bunny5",
  "lockfileVersion": 2,
  "requires": true,
  "packages": {
    "": {
      "dependencies": {
        "@openui5/sap.m": "^1.103.1"
      }
    },
    "node_modules/@openui5/sap.m": {
      "version": "1.103.1",
      "resolved": "https://registry.npmjs.org/@openui5/sap.m/-/sap.m-1.103.1.tgz",
      "integrity": "sha512-KJTIXolHWyTWVK2mFyKSHeJLDxSZpEFUvUG71iWkyNt6TF36bKaTFP2dagdhAQt6qobXAohS0uvRZDoh9etdvA==",
      "dependencies": {
        "@openui5/sap.ui.core": "1.103.1",
        "@openui5/sap.ui.layout": "1.103.1",
        "@openui5/sap.ui.unified": "1.103.1"
      }
    },
    "node_modules/@openui5/sap.ui.core": {
      "version": "1.103.1",
      "resolved": "https://registry.npmjs.org/@openui5/sap.ui.core/-/sap.ui.core-1.103.1.tgz",
      "integrity": "sha512-EXcImu4x9/TuVCEGc1i46lmX4lYBq3Z2Dn2SZtJFP3QdQBA3IO9xBJ4N89LuAv7E+GtlE1WQzbiPrTdE35vcHg=="
    },
    "node_modules/@openui5/sap.ui.layout": {
      "version": "1.103.1",
      "resolved": "https://registry.npmjs.org/@openui5/sap.ui.layout/-/sap.ui.layout-1.103.1.tgz",
      "integrity": "sha512-kEvHUtzSFoE6g0R0mtOBJ9njcpYoZDSI/Nrc6cgNy1SKrD47KiBMSBJXeleZMmQ7dCvUxMJ7E4RjO4PqyKKRPw==",
      "dependencies": {
        "@openui5/sap.ui.core": "1.103.1"
      }
    },
    "node_modules/@openui5/sap.ui.unified": {
      "version": "1.103.1",
      "resolved": "https://registry.npmjs.org/@openui5/sap.ui.unified/-/sap.ui.unified-1.103.1.tgz",
      "integrity": "sha512-vp0l2ss1CpKEla5pLNCKglyTN9VnU+d+rTeNRvs3marJ1PpJodw+VlfyxVhMp1fr1VDM8+pFxf99m9ND8Gaa5g==",
      "dependencies": {
        "@openui5/sap.ui.core": "1.103.1"
      }
    }
  },
  "dependencies": {
    "@openui5/sap.m": {
      "version": "1.103.1",
      "resolved": "https://registry.npmjs.org/@openui5/sap.m/-/sap.m-1.103.1.tgz",
      "integrity": "sha512-KJTIXolHWyTWVK2mFyKSHeJLDxSZpEFUvUG71iWkyNt6TF36bKaTFP2dagdhAQt6qobXAohS0uvRZDoh9etdvA==",
      "requires": {
        "@openui5/sap.ui.core": "1.103.1",
        "@openui5/sap.ui.layout": "1.103.1",
        "@openui5/sap.ui.unified": "1.103.1"
      }
    },
    "@openui5/sap.ui.core": {
      "version": "1.103.1",
      "resolved": "https://registry.npmjs.org/@openui5/sap.ui.core/-/sap.ui.core-1.103.1.tgz",
      "integrity": "sha512-EXcImu4x9/TuVCEGc1i46lmX4lYBq3Z2Dn2SZtJFP3QdQBA3IO9xBJ4N89LuAv7E+GtlE1WQzbiPrTdE35vcHg=="
    },
    "@openui5/sap.ui.layout": {
      "version": "1.103.1",
      "resolved": "https://registry.npmjs.org/@openui5/sap.ui.layout/-/sap.ui.layout-1.103.1.tgz",
      "integrity": "sha512-kEvHUtzSFoE6g0R0mtOBJ9njcpYoZDSI/Nrc6cgNy1SKrD47KiBMSBJXeleZMmQ7dCvUxMJ7E4RjO4PqyKKRPw==",
      "requires": {
        "@openui5/sap.ui.core": "1.103.1"
      }
    },
    "@openui5/sap.ui.unified": {
      "version": "1.103.1",
      "resolved": "https://registry.npmjs.org/@openui5/sap.ui.unified/-/sap.ui.unified-1.103.1.tgz",
      "integrity": "sha512-vp0l2ss1CpKEla5pLNCKglyTN9VnU+d+rTeNRvs3marJ1PpJodw+VlfyxVhMp1fr1VDM8+pFxf99m9ND8Gaa5g==",
      "requires": {
        "@openui5/sap.ui.core": "1.103.1"
      }
    }
  }
}
