{
  "name": "bunny5-server",
  "version": "0.0.1",
  "lockfileVersion": 2,
  "requires": true,
  "packages": {
    "": {
      "name": "bunny5-server",
      "version": "0.0.1",
      "license": "MIT",
      "dependencies": {
        "@openui5/sap.m": "^1.103.1",
        "@types/node": "^18.0.3",
        "baojs": "^0.1.2",
        "bun-types": "^0.1.2",
        "typescript": "^4.7.4"
      }
    },
    "node_modules/@openui5/sap.m": {
      "version": "1.103.1",
      "resolved": "https://registry.npmjs.org/@openui5/sap.m/-/sap.m-1.103.1.tgz",
      "integrity": "sha512-KJTIXolHWyTWVK2mFyKSHeJLDxSZpEFUvUG71iWkyNt6TF36bKaTFP2dagdhAQt6qobXAohS0uvRZDoh9etdvA==",
      "dependencies": {
        "@openui5/sap.ui.core": "1.103.1",
        "@openui5/sap.ui.layout": "1.103.1",
        "@openui5/sap.ui.unified": "1.103.1"
      }
    },
    "node_modules/@openui5/sap.ui.core": {
      "version": "1.103.1",
      "resolved": "https://registry.npmjs.org/@openui5/sap.ui.core/-/sap.ui.core-1.103.1.tgz",
      "integrity": "sha512-EXcImu4x9/TuVCEGc1i46lmX4lYBq3Z2Dn2SZtJFP3QdQBA3IO9xBJ4N89LuAv7E+GtlE1WQzbiPrTdE35vcHg=="
    },
    "node_modules/@openui5/sap.ui.layout": {
      "version": "1.103.1",
      "resolved": "https://registry.npmjs.org/@openui5/sap.ui.layout/-/sap.ui.layout-1.103.1.tgz",
      "integrity": "sha512-kEvHUtzSFoE6g0R0mtOBJ9njcpYoZDSI/Nrc6cgNy1SKrD47KiBMSBJXeleZMmQ7dCvUxMJ7E4RjO4PqyKKRPw==",
      "dependencies": {
        "@openui5/sap.ui.core": "1.103.1"
      }
    },
    "node_modules/@openui5/sap.ui.unified": {
      "version": "1.103.1",
      "resolved": "https://registry.npmjs.org/@openui5/sap.ui.unified/-/sap.ui.unified-1.103.1.tgz",
      "integrity": "sha512-vp0l2ss1CpKEla5pLNCKglyTN9VnU+d+rTeNRvs3marJ1PpJodw+VlfyxVhMp1fr1VDM8+pFxf99m9ND8Gaa5g==",
      "dependencies": {
        "@openui5/sap.ui.core": "1.103.1"
      }
    },
    "node_modules/@types/node": {
      "version": "18.0.3",
      "resolved": "https://registry.npmjs.org/@types/node/-/node-18.0.3.tgz",
      "integrity": "sha512-HzNRZtp4eepNitP+BD6k2L6DROIDG4Q0fm4x+dwfsr6LGmROENnok75VGw40628xf+iR24WeMFcHuuBDUAzzsQ=="
    },
    "node_modules/baojs": {
      "version": "0.1.2",
      "resolved": "https://registry.npmjs.org/baojs/-/baojs-0.1.2.tgz",
      "integrity": "sha512-bl/qKuA8gvc65PixHo+0gV562IzeWyjMTHjttalZ7QasX6lBh+QZPpfDrD4sYNoRS/1bfnP+7JKiyncrPWjEVw==",
      "dependencies": {
        "bun-types": "^0.1.2"
      }
    },
    "node_modules/bun-types": {
      "version": "0.1.2",
      "resolved": "https://registry.npmjs.org/bun-types/-/bun-types-0.1.2.tgz",
      "integrity": "sha512-7R0rl/rvVVsw5DSywjjI3u1Ai2RM2TPnUbMPwfoVr1R3pt/92E4jZD7ZqQIn25ZKucD6z5nVyux4pfXU4hcJnw=="
    },
    "node_modules/typescript": {
      "version": "4.7.4",
      "resolved": "https://registry.npmjs.org/typescript/-/typescript-4.7.4.tgz",
      "integrity": "sha512-C0WQT0gezHuw6AdY1M2jxUO83Rjf0HP7Sk1DtXj6j1EwkQNZrHAg2XPWlq62oqEhYvONq5pkC2Y9oPljWToLmQ==",
      "bin": {
        "tsc": "bin/tsc",
        "tsserver": "bin/tsserver"
      },
      "engines": {
        "node": ">=4.2.0"
      }
    }
  },
  "dependencies": {
    "@openui5/sap.m": {
      "version": "1.103.1",
      "resolved": "https://registry.npmjs.org/@openui5/sap.m/-/sap.m-1.103.1.tgz",
      "integrity": "sha512-KJTIXolHWyTWVK2mFyKSHeJLDxSZpEFUvUG71iWkyNt6TF36bKaTFP2dagdhAQt6qobXAohS0uvRZDoh9etdvA==",
      "requires": {
        "@openui5/sap.ui.core": "1.103.1",
        "@openui5/sap.ui.layout": "1.103.1",
        "@openui5/sap.ui.unified": "1.103.1"
      }
    },
    "@openui5/sap.ui.core": {
      "version": "1.103.1",
      "resolved": "https://registry.npmjs.org/@openui5/sap.ui.core/-/sap.ui.core-1.103.1.tgz",
      "integrity": "sha512-EXcImu4x9/TuVCEGc1i46lmX4lYBq3Z2Dn2SZtJFP3QdQBA3IO9xBJ4N89LuAv7E+GtlE1WQzbiPrTdE35vcHg=="
    },
    "@openui5/sap.ui.layout": {
      "version": "1.103.1",
      "resolved": "https://registry.npmjs.org/@openui5/sap.ui.layout/-/sap.ui.layout-1.103.1.tgz",
      "integrity": "sha512-kEvHUtzSFoE6g0R0mtOBJ9njcpYoZDSI/Nrc6cgNy1SKrD47KiBMSBJXeleZMmQ7dCvUxMJ7E4RjO4PqyKKRPw==",
      "requires": {
        "@openui5/sap.ui.core": "1.103.1"
      }
    },
    "@openui5/sap.ui.unified": {
      "version": "1.103.1",
      "resolved": "https://registry.npmjs.org/@openui5/sap.ui.unified/-/sap.ui.unified-1.103.1.tgz",
      "integrity": "sha512-vp0l2ss1CpKEla5pLNCKglyTN9VnU+d+rTeNRvs3marJ1PpJodw+VlfyxVhMp1fr1VDM8+pFxf99m9ND8Gaa5g==",
      "requires": {
        "@openui5/sap.ui.core": "1.103.1"
      }
    },
    "@types/node": {
      "version": "18.0.3",
      "resolved": "https://registry.npmjs.org/@types/node/-/node-18.0.3.tgz",
      "integrity": "sha512-HzNRZtp4eepNitP+BD6k2L6DROIDG4Q0fm4x+dwfsr6LGmROENnok75VGw40628xf+iR24WeMFcHuuBDUAzzsQ=="
    },
    "baojs": {
      "version": "0.1.2",
      "resolved": "https://registry.npmjs.org/baojs/-/baojs-0.1.2.tgz",
      "integrity": "sha512-bl/qKuA8gvc65PixHo+0gV562IzeWyjMTHjttalZ7QasX6lBh+QZPpfDrD4sYNoRS/1bfnP+7JKiyncrPWjEVw==",
      "requires": {
        "bun-types": "^0.1.2"
      }
    },
    "bun-types": {
      "version": "0.1.2",
      "resolved": "https://registry.npmjs.org/bun-types/-/bun-types-0.1.2.tgz",
      "integrity": "sha512-7R0rl/rvVVsw5DSywjjI3u1Ai2RM2TPnUbMPwfoVr1R3pt/92E4jZD7ZqQIn25ZKucD6z5nVyux4pfXU4hcJnw=="
    },
    "typescript": {
      "version": "4.7.4",
      "resolved": "https://registry.npmjs.org/typescript/-/typescript-4.7.4.tgz",
      "integrity": "sha512-C0WQT0gezHuw6AdY1M2jxUO83Rjf0HP7Sk1DtXj6j1EwkQNZrHAg2XPWlq62oqEhYvONq5pkC2Y9oPljWToLmQ=="
    }
  }
}
